
Microsoft Visual Studio Solution File, Format Version 12.00
# Visual Studio Version 16
VisualStudioVersion = 16.0.30709.132
MinimumVisualStudioVersion = 10.0.40219.1
Project("{9A19103F-16F7-4668-BE54-9A1E7A4F7556}") = "WhatBackend.EmailRenderService", "WhatBackend.EmailRenderService.csproj", "{182807A4-7A18-4417-A269-F9CF399D0510}"
EndProject
Project("{9A19103F-16F7-4668-BE54-9A1E7A4F7556}") = "CharlieBackend.Core", "..\..\CharlieBackend.Core\CharlieBackend.Core.csproj", "{F1E0C9E8-EA4A-4323-BFA9-628E101D6D83}"
EndProject
Global
	GlobalSection(SolutionConfigurationPlatforms) = preSolution
		Debug|Any CPU = Debug|Any CPU
		Release|Any CPU = Release|Any CPU
	EndGlobalSection
	GlobalSection(ProjectConfigurationPlatforms) = postSolution
		{182807A4-7A18-4417-A269-F9CF399D0510}.Debug|Any CPU.ActiveCfg = Debug|Any CPU
		{182807A4-7A18-4417-A269-F9CF399D0510}.Debug|Any CPU.Build.0 = Debug|Any CPU
		{182807A4-7A18-4417-A269-F9CF399D0510}.Release|Any CPU.ActiveCfg = Release|Any CPU
		{182807A4-7A18-4417-A269-F9CF399D0510}.Release|Any CPU.Build.0 = Release|Any CPU
		{F1E0C9E8-EA4A-4323-BFA9-628E101D6D83}.Debug|Any CPU.ActiveCfg = Debug|Any CPU
		{F1E0C9E8-EA4A-4323-BFA9-628E101D6D83}.Debug|Any CPU.Build.0 = Debug|Any CPU
		{F1E0C9E8-EA4A-4323-BFA9-628E101D6D83}.Release|Any CPU.ActiveCfg = Release|Any CPU
		{F1E0C9E8-EA4A-4323-BFA9-628E101D6D83}.Release|Any CPU.Build.0 = Release|Any CPU
	EndGlobalSection
	GlobalSection(SolutionProperties) = preSolution
		HideSolutionNode = FALSE
	EndGlobalSection
	GlobalSection(ExtensibilityGlobals) = postSolution
		SolutionGuid = {3A58A56D-7C77-43F1-990B-5DB590E1FE9C}
	EndGlobalSection
EndGlobal
